// !$*UTF8*$!
{
	archiveVersion = 1;
	classes = {
	};
	objectVersion = 77;
	objects = {

/* Begin PBXContainerItemProxy section */
		10C69BCF2D15E1610079EAE8 /* PBXContainerItemProxy */ = {
			isa = PBXContainerItemProxy;
			containerPortal = 10C69BB52D15E15F0079EAE8 /* Project object */;
			proxyType = 1;
			remoteGlobalIDString = 10C69BBC2D15E15F0079EAE8;
			remoteInfo = journalMac;
		};
		10C69BD92D15E1610079EAE8 /* PBXContainerItemProxy */ = {
			isa = PBXContainerItemProxy;
			containerPortal = 10C69BB52D15E15F0079EAE8 /* Project object */;
			proxyType = 1;
			remoteGlobalIDString = 10C69BBC2D15E15F0079EAE8;
			remoteInfo = journalMac;
		};
/* End PBXContainerItemProxy section */

/* Begin PBXFileReference section */
		10C69BBD2D15E15F0079EAE8 /* journalMac.app */ = {isa = PBXFileReference; explicitFileType = wrapper.application; includeInIndex = 0; path = journalMac.app; sourceTree = BUILT_PRODUCTS_DIR; };
		10C69BCE2D15E1610079EAE8 /* journalMacTests.xctest */ = {isa = PBXFileReference; explicitFileType = wrapper.cfbundle; includeInIndex = 0; path = journalMacTests.xctest; sourceTree = BUILT_PRODUCTS_DIR; };
		10C69BD82D15E1610079EAE8 /* journalMacUITests.xctest */ = {isa = PBXFileReference; explicitFileType = wrapper.cfbundle; includeInIndex = 0; path = journalMacUITests.xctest; sourceTree = BUILT_PRODUCTS_DIR; };
/* End PBXFileReference section */

/* Begin PBXFileSystemSynchronizedRootGroup section */
		10C69BBF2D15E15F0079EAE8 /* journalMac */ = {
			isa = PBXFileSystemSynchronizedRootGroup;
			path = journalMac;
			sourceTree = "<group>";
		};
		10C69BD12D15E1610079EAE8 /* journalMacTests */ = {
			isa = PBXFileSystemSynchronizedRootGroup;
			path = journalMacTests;
			sourceTree = "<group>";
		};
		10C69BDB2D15E1610079EAE8 /* journalMacUITests */ = {
			isa = PBXFileSystemSynchronizedRootGroup;
			path = journalMacUITests;
			sourceTree = "<group>";
		};
/* End PBXFileSystemSynchronizedRootGroup section */

/* Begin PBXFrameworksBuildPhase section */
		10C69BBA2D15E15F0079EAE8 /* Frameworks */ = {
			isa = PBXFrameworksBuildPhase;
			buildActionMask = 2147483647;
			files = (
			);
			runOnlyForDeploymentPostprocessing = 0;
		};
		10C69BCB2D15E1610079EAE8 /* Frameworks */ = {
			isa = PBXFrameworksBuildPhase;
			buildActionMask = 2147483647;
			files = (
			);
			runOnlyForDeploymentPostprocessing = 0;
		};
		10C69BD52D15E1610079EAE8 /* Frameworks */ = {
			isa = PBXFrameworksBuildPhase;
			buildActionMask = 2147483647;
			files = (
			);
			runOnlyForDeploymentPostprocessing = 0;
		};
/* End PBXFrameworksBuildPhase section */

/* Begin PBXGroup section */
		10C69BB42D15E15F0079EAE8 = {
			isa = PBXGroup;
			children = (
				10C69BBF2D15E15F0079EAE8 /* journalMac */,
				10C69BD12D15E1610079EAE8 /* journalMacTests */,
				10C69BDB2D15E1610079EAE8 /* journalMacUITests */,
				10C69BBE2D15E15F0079EAE8 /* Products */,
			);
			sourceTree = "<group>";
		};
		10C69BBE2D15E15F0079EAE8 /* Products */ = {
			isa = PBXGroup;
			children = (
				10C69BBD2D15E15F0079EAE8 /* journalMac.app */,
				10C69BCE2D15E1610079EAE8 /* journalMacTests.xctest */,
				10C69BD82D15E1610079EAE8 /* journalMacUITests.xctest */,
			);
			name = Products;
			sourceTree = "<group>";
		};
/* End PBXGroup section */

/* Begin PBXNativeTarget section */
		10C69BBC2D15E15F0079EAE8 /* journalMac */ = {
			isa = PBXNativeTarget;
			buildConfigurationList = 10C69BE22D15E1610079EAE8 /* Build configuration list for PBXNativeTarget "journalMac" */;
			buildPhases = (
				10C69BB92D15E15F0079EAE8 /* Sources */,
				10C69BBA2D15E15F0079EAE8 /* Frameworks */,
				10C69BBB2D15E15F0079EAE8 /* Resources */,
			);
			buildRules = (
			);
			dependencies = (
			);
			fileSystemSynchronizedGroups = (
				10C69BBF2D15E15F0079EAE8 /* journalMac */,
			);
			name = journalMac;
			packageProductDependencies = (
			);
			productName = journalMac;
			productReference = 10C69BBD2D15E15F0079EAE8 /* journalMac.app */;
			productType = "com.apple.product-type.application";
		};
		10C69BCD2D15E1610079EAE8 /* journalMacTests */ = {
			isa = PBXNativeTarget;
			buildConfigurationList = 10C69BE52D15E1610079EAE8 /* Build configuration list for PBXNativeTarget "journalMacTests" */;
			buildPhases = (
				10C69BCA2D15E1610079EAE8 /* Sources */,
				10C69BCB2D15E1610079EAE8 /* Frameworks */,
				10C69BCC2D15E1610079EAE8 /* Resources */,
			);
			buildRules = (
			);
			dependencies = (
				10C69BD02D15E1610079EAE8 /* PBXTargetDependency */,
			);
			fileSystemSynchronizedGroups = (
				10C69BD12D15E1610079EAE8 /* journalMacTests */,
			);
			name = journalMacTests;
			packageProductDependencies = (
			);
			productName = journalMacTests;
			productReference = 10C69BCE2D15E1610079EAE8 /* journalMacTests.xctest */;
			productType = "com.apple.product-type.bundle.unit-test";
		};
		10C69BD72D15E1610079EAE8 /* journalMacUITests */ = {
			isa = PBXNativeTarget;
			buildConfigurationList = 10C69BE82D15E1610079EAE8 /* Build configuration list for PBXNativeTarget "journalMacUITests" */;
			buildPhases = (
				10C69BD42D15E1610079EAE8 /* Sources */,
				10C69BD52D15E1610079EAE8 /* Frameworks */,
				10C69BD62D15E1610079EAE8 /* Resources */,
			);
			buildRules = (
			);
			dependencies = (
				10C69BDA2D15E1610079EAE8 /* PBXTargetDependency */,
			);
			fileSystemSynchronizedGroups = (
				10C69BDB2D15E1610079EAE8 /* journalMacUITests */,
			);
			name = journalMacUITests;
			packageProductDependencies = (
			);
			productName = journalMacUITests;
			productReference = 10C69BD82D15E1610079EAE8 /* journalMacUITests.xctest */;
			productType = "com.apple.product-type.bundle.ui-testing";
		};
/* End PBXNativeTarget section */

/* Begin PBXProject section */
		10C69BB52D15E15F0079EAE8 /* Project object */ = {
			isa = PBXProject;
			attributes = {
				BuildIndependentTargetsInParallel = 1;
				LastSwiftUpdateCheck = 1620;
				LastUpgradeCheck = 1620;
				TargetAttributes = {
					10C69BBC2D15E15F0079EAE8 = {
						CreatedOnToolsVersion = 16.2;
					};
					10C69BCD2D15E1610079EAE8 = {
						CreatedOnToolsVersion = 16.2;
						TestTargetID = 10C69BBC2D15E15F0079EAE8;
					};
					10C69BD72D15E1610079EAE8 = {
						CreatedOnToolsVersion = 16.2;
						TestTargetID = 10C69BBC2D15E15F0079EAE8;
					};
				};
			};
			buildConfigurationList = 10C69BB82D15E15F0079EAE8 /* Build configuration list for PBXProject "journalMac" */;
			developmentRegion = en;
			hasScannedForEncodings = 0;
			knownRegions = (
				en,
				Base,
			);
			mainGroup = 10C69BB42D15E15F0079EAE8;
			minimizedProjectReferenceProxies = 1;
			preferredProjectObjectVersion = 77;
			productRefGroup = 10C69BBE2D15E15F0079EAE8 /* Products */;
			projectDirPath = "";
			projectRoot = "";
			targets = (
				10C69BBC2D15E15F0079EAE8 /* journalMac */,
				10C69BCD2D15E1610079EAE8 /* journalMacTests */,
				10C69BD72D15E1610079EAE8 /* journalMacUITests */,
			);
		};
/* End PBXProject section */

/* Begin PBXResourcesBuildPhase section */
		10C69BBB2D15E15F0079EAE8 /* Resources */ = {
			isa = PBXResourcesBuildPhase;
			buildActionMask = 2147483647;
			files = (
			);
			runOnlyForDeploymentPostprocessing = 0;
		};
		10C69BCC2D15E1610079EAE8 /* Resources */ = {
			isa = PBXResourcesBuildPhase;
			buildActionMask = 2147483647;
			files = (
			);
			runOnlyForDeploymentPostprocessing = 0;
		};
		10C69BD62D15E1610079EAE8 /* Resources */ = {
			isa = PBXResourcesBuildPhase;
			buildActionMask = 2147483647;
			files = (
			);
			runOnlyForDeploymentPostprocessing = 0;
		};
/* End PBXResourcesBuildPhase section */

/* Begin PBXSourcesBuildPhase section */
		10C69BB92D15E15F0079EAE8 /* Sources */ = {
			isa = PBXSourcesBuildPhase;
			buildActionMask = 2147483647;
			files = (
			);
			runOnlyForDeploymentPostprocessing = 0;
		};
		10C69BCA2D15E1610079EAE8 /* Sources */ = {
			isa = PBXSourcesBuildPhase;
			buildActionMask = 2147483647;
			files = (
			);
			runOnlyForDeploymentPostprocessing = 0;
		};
		10C69BD42D15E1610079EAE8 /* Sources */ = {
			isa = PBXSourcesBuildPhase;
			buildActionMask = 2147483647;
			files = (
			);
			runOnlyForDeploymentPostprocessing = 0;
		};
/* End PBXSourcesBuildPhase section */

/* Begin PBXTargetDependency section */
		10C69BD02D15E1610079EAE8 /* PBXTargetDependency */ = {
			isa = PBXTargetDependency;
			target = 10C69BBC2D15E15F0079EAE8 /* journalMac */;
			targetProxy = 10C69BCF2D15E1610079EAE8 /* PBXContainerItemProxy */;
		};
		10C69BDA2D15E1610079EAE8 /* PBXTargetDependency */ = {
			isa = PBXTargetDependency;
			target = 10C69BBC2D15E15F0079EAE8 /* journalMac */;
			targetProxy = 10C69BD92D15E1610079EAE8 /* PBXContainerItemProxy */;
		};
/* End PBXTargetDependency section */

/* Begin XCBuildConfiguration section */
		10C69BE02D15E1610079EAE8 /* Debug */ = {
			isa = XCBuildConfiguration;
			buildSettings = {
				ALWAYS_SEARCH_USER_PATHS = NO;
				ASSETCATALOG_COMPILER_GENERATE_SWIFT_ASSET_SYMBOL_EXTENSIONS = YES;
				CLANG_ANALYZER_NONNULL = YES;
				CLANG_ANALYZER_NUMBER_OBJECT_CONVERSION = YES_AGGRESSIVE;
				CLANG_CXX_LANGUAGE_STANDARD = "gnu++20";
				CLANG_ENABLE_MODULES = YES;
				CLANG_ENABLE_OBJC_ARC = YES;
				CLANG_ENABLE_OBJC_WEAK = YES;
				CLANG_WARN_BLOCK_CAPTURE_AUTORELEASING = YES;
				CLANG_WARN_BOOL_CONVERSION = YES;
				CLANG_WARN_COMMA = YES;
				CLANG_WARN_CONSTANT_CONVERSION = YES;
				CLANG_WARN_DEPRECATED_OBJC_IMPLEMENTATIONS = YES;
				CLANG_WARN_DIRECT_OBJC_ISA_USAGE = YES_ERROR;
				CLANG_WARN_DOCUMENTATION_COMMENTS = YES;
				CLANG_WARN_EMPTY_BODY = YES;
				CLANG_WARN_ENUM_CONVERSION = YES;
				CLANG_WARN_INFINITE_RECURSION = YES;
				CLANG_WARN_INT_CONVERSION = YES;
				CLANG_WARN_NON_LITERAL_NULL_CONVERSION = YES;
				CLANG_WARN_OBJC_IMPLICIT_RETAIN_SELF = YES;
				CLANG_WARN_OBJC_LITERAL_CONVERSION = YES;
				CLANG_WARN_OBJC_ROOT_CLASS = YES_ERROR;
				CLANG_WARN_QUOTED_INCLUDE_IN_FRAMEWORK_HEADER = YES;
				CLANG_WARN_RANGE_LOOP_ANALYSIS = YES;
				CLANG_WARN_STRICT_PROTOTYPES = YES;
				CLANG_WARN_SUSPICIOUS_MOVE = YES;
				CLANG_WARN_UNGUARDED_AVAILABILITY = YES_AGGRESSIVE;
				CLANG_WARN_UNREACHABLE_CODE = YES;
				CLANG_WARN__DUPLICATE_METHOD_MATCH = YES;
				COPY_PHASE_STRIP = NO;
				DEBUG_INFORMATION_FORMAT = dwarf;
				ENABLE_STRICT_OBJC_MSGSEND = YES;
				ENABLE_TESTABILITY = YES;
				ENABLE_USER_SCRIPT_SANDBOXING = YES;
				GCC_C_LANGUAGE_STANDARD = gnu17;
				GCC_DYNAMIC_NO_PIC = NO;
				GCC_NO_COMMON_BLOCKS = YES;
				GCC_OPTIMIZATION_LEVEL = 0;
				GCC_PREPROCESSOR_DEFINITIONS = (
					"DEBUG=1",
					"$(inherited)",
				);
				GCC_WARN_64_TO_32_BIT_CONVERSION = YES;
				GCC_WARN_ABOUT_RETURN_TYPE = YES_ERROR;
				GCC_WARN_UNDECLARED_SELECTOR = YES;
				GCC_WARN_UNINITIALIZED_AUTOS = YES_AGGRESSIVE;
				GCC_WARN_UNUSED_FUNCTION = YES;
				GCC_WARN_UNUSED_VARIABLE = YES;
				LOCALIZATION_PREFERS_STRING_CATALOGS = YES;
				MACOSX_DEPLOYMENT_TARGET = 15.2;
				MTL_ENABLE_DEBUG_INFO = INCLUDE_SOURCE;
				MTL_FAST_MATH = YES;
				ONLY_ACTIVE_ARCH = YES;
				SDKROOT = macosx;
				SWIFT_ACTIVE_COMPILATION_CONDITIONS = "DEBUG $(inherited)";
				SWIFT_OPTIMIZATION_LEVEL = "-Onone";
			};
			name = Debug;
		};
		10C69BE12D15E1610079EAE8 /* Release */ = {
			isa = XCBuildConfiguration;
			buildSettings = {
				ALWAYS_SEARCH_USER_PATHS = NO;
				ASSETCATALOG_COMPILER_GENERATE_SWIFT_ASSET_SYMBOL_EXTENSIONS = YES;
				CLANG_ANALYZER_NONNULL = YES;
				CLANG_ANALYZER_NUMBER_OBJECT_CONVERSION = YES_AGGRESSIVE;
				CLANG_CXX_LANGUAGE_STANDARD = "gnu++20";
				CLANG_ENABLE_MODULES = YES;
				CLANG_ENABLE_OBJC_ARC = YES;
				CLANG_ENABLE_OBJC_WEAK = YES;
				CLANG_WARN_BLOCK_CAPTURE_AUTORELEASING = YES;
				CLANG_WARN_BOOL_CONVERSION = YES;
				CLANG_WARN_COMMA = YES;
				CLANG_WARN_CONSTANT_CONVERSION = YES;
				CLANG_WARN_DEPRECATED_OBJC_IMPLEMENTATIONS = YES;
				CLANG_WARN_DIRECT_OBJC_ISA_USAGE = YES_ERROR;
				CLANG_WARN_DOCUMENTATION_COMMENTS = YES;
				CLANG_WARN_EMPTY_BODY = YES;
				CLANG_WARN_ENUM_CONVERSION = YES;
				CLANG_WARN_INFINITE_RECURSION = YES;
				CLANG_WARN_INT_CONVERSION = YES;
				CLANG_WARN_NON_LITERAL_NULL_CONVERSION = YES;
				CLANG_WARN_OBJC_IMPLICIT_RETAIN_SELF = YES;
				CLANG_WARN_OBJC_LITERAL_CONVERSION = YES;
				CLANG_WARN_OBJC_ROOT_CLASS = YES_ERROR;
				CLANG_WARN_QUOTED_INCLUDE_IN_FRAMEWORK_HEADER = YES;
				CLANG_WARN_RANGE_LOOP_ANALYSIS = YES;
				CLANG_WARN_STRICT_PROTOTYPES = YES;
				CLANG_WARN_SUSPICIOUS_MOVE = YES;
				CLANG_WARN_UNGUARDED_AVAILABILITY = YES_AGGRESSIVE;
				CLANG_WARN_UNREACHABLE_CODE = YES;
				CLANG_WARN__DUPLICATE_METHOD_MATCH = YES;
				COPY_PHASE_STRIP = NO;
				DEBUG_INFORMATION_FORMAT = "dwarf-with-dsym";
				ENABLE_NS_ASSERTIONS = NO;
				ENABLE_STRICT_OBJC_MSGSEND = YES;
				ENABLE_USER_SCRIPT_SANDBOXING = YES;
				GCC_C_LANGUAGE_STANDARD = gnu17;
				GCC_NO_COMMON_BLOCKS = YES;
				GCC_WARN_64_TO_32_BIT_CONVERSION = YES;
				GCC_WARN_ABOUT_RETURN_TYPE = YES_ERROR;
				GCC_WARN_UNDECLARED_SELECTOR = YES;
				GCC_WARN_UNINITIALIZED_AUTOS = YES_AGGRESSIVE;
				GCC_WARN_UNUSED_FUNCTION = YES;
				GCC_WARN_UNUSED_VARIABLE = YES;
				LOCALIZATION_PREFERS_STRING_CATALOGS = YES;
				MACOSX_DEPLOYMENT_TARGET = 15.2;
				MTL_ENABLE_DEBUG_INFO = NO;
				MTL_FAST_MATH = YES;
				SDKROOT = macosx;
				SWIFT_COMPILATION_MODE = wholemodule;
			};
			name = Release;
		};
		10C69BE32D15E1610079EAE8 /* Debug */ = {
			isa = XCBuildConfiguration;
			buildSettings = {
				ASSETCATALOG_COMPILER_APPICON_NAME = AppIcon;
				ASSETCATALOG_COMPILER_GLOBAL_ACCENT_COLOR_NAME = AccentColor;
				CODE_SIGN_ENTITLEMENTS = journalMac/journalMac.entitlements;
				CODE_SIGN_STYLE = Automatic;
				COMBINE_HIDPI_IMAGES = YES;
				CURRENT_PROJECT_VERSION = 1;
				DEVELOPMENT_ASSET_PATHS = "\"journalMac/Preview Content\"";
				DEVELOPMENT_TEAM = 69YKR4K9LC;
				ENABLE_HARDENED_RUNTIME = YES;
				ENABLE_PREVIEWS = YES;
				GENERATE_INFOPLIST_FILE = YES;
				INFOPLIST_KEY_NSHumanReadableCopyright = "";
				LD_RUNPATH_SEARCH_PATHS = (
					"$(inherited)",
					"@executable_path/../Frameworks",
				);
				MARKETING_VERSION = 1.0;
				PRODUCT_BUNDLE_IDENTIFIER = y4sh.journalMac;
				PRODUCT_NAME = "$(TARGET_NAME)";
				SWIFT_EMIT_LOC_STRINGS = YES;
				SWIFT_VERSION = 5.0;
			};
			name = Debug;
		};
		10C69BE42D15E1610079EAE8 /* Release */ = {
			isa = XCBuildConfiguration;
			buildSettings = {
				ASSETCATALOG_COMPILER_APPICON_NAME = AppIcon;
				ASSETCATALOG_COMPILER_GLOBAL_ACCENT_COLOR_NAME = AccentColor;
				CODE_SIGN_ENTITLEMENTS = journalMac/journalMac.entitlements;
				CODE_SIGN_STYLE = Automatic;
				COMBINE_HIDPI_IMAGES = YES;
				CURRENT_PROJECT_VERSION = 1;
				DEVELOPMENT_ASSET_PATHS = "\"journalMac/Preview Content\"";
				DEVELOPMENT_TEAM = 69YKR4K9LC;
				ENABLE_HARDENED_RUNTIME = YES;
				ENABLE_PREVIEWS = YES;
				GENERATE_INFOPLIST_FILE = YES;
				INFOPLIST_KEY_NSHumanReadableCopyright = "";
				LD_RUNPATH_SEARCH_PATHS = (
					"$(inherited)",
					"@executable_path/../Frameworks",
				);
				MARKETING_VERSION = 1.0;
				PRODUCT_BUNDLE_IDENTIFIER = y4sh.journalMac;
				PRODUCT_NAME = "$(TARGET_NAME)";
				SWIFT_EMIT_LOC_STRINGS = YES;
				SWIFT_VERSION = 5.0;
			};
			name = Release;
		};
		10C69BE62D15E1610079EAE8 /* Debug */ = {
			isa = XCBuildConfiguration;
			buildSettings = {
				BUNDLE_LOADER = "$(TEST_HOST)";
				CODE_SIGN_STYLE = Automatic;
				CURRENT_PROJECT_VERSION = 1;
				DEVELOPMENT_TEAM = 69YKR4K9LC;
				GENERATE_INFOPLIST_FILE = YES;
				MACOSX_DEPLOYMENT_TARGET = 15.2;
				MARKETING_VERSION = 1.0;
				PRODUCT_BUNDLE_IDENTIFIER = y4sh.journalMacTests;
				PRODUCT_NAME = "$(TARGET_NAME)";
				SWIFT_EMIT_LOC_STRINGS = NO;
				SWIFT_VERSION = 5.0;
				TEST_HOST = "$(BUILT_PRODUCTS_DIR)/journalMac.app/$(BUNDLE_EXECUTABLE_FOLDER_PATH)/journalMac";
			};
			name = Debug;
		};
		10C69BE72D15E1610079EAE8 /* Release */ = {
			isa = XCBuildConfiguration;
			buildSettings = {
				BUNDLE_LOADER = "$(TEST_HOST)";
				CODE_SIGN_STYLE = Automatic;
				CURRENT_PROJECT_VERSION = 1;
				DEVELOPMENT_TEAM = 69YKR4K9LC;
				GENERATE_INFOPLIST_FILE = YES;
				MACOSX_DEPLOYMENT_TARGET = 15.2;
				MARKETING_VERSION = 1.0;
				PRODUCT_BUNDLE_IDENTIFIER = y4sh.journalMacTests;
				PRODUCT_NAME = "$(TARGET_NAME)";
				SWIFT_EMIT_LOC_STRINGS = NO;
				SWIFT_VERSION = 5.0;
				TEST_HOST = "$(BUILT_PRODUCTS_DIR)/journalMac.app/$(BUNDLE_EXECUTABLE_FOLDER_PATH)/journalMac";
			};
			name = Release;
		};
		10C69BE92D15E1610079EAE8 /* Debug */ = {
			isa = XCBuildConfiguration;
			buildSettings = {
				CODE_SIGN_STYLE = Automatic;
				CURRENT_PROJECT_VERSION = 1;
				DEVELOPMENT_TEAM = 69YKR4K9LC;
				GENERATE_INFOPLIST_FILE = YES;
				MARKETING_VERSION = 1.0;
				PRODUCT_BUNDLE_IDENTIFIER = y4sh.journalMacUITests;
				PRODUCT_NAME = "$(TARGET_NAME)";
				SWIFT_EMIT_LOC_STRINGS = NO;
				SWIFT_VERSION = 5.0;
				TEST_TARGET_NAME = journalMac;
			};
			name = Debug;
		};
		10C69BEA2D15E1610079EAE8 /* Release */ = {
			isa = XCBuildConfiguration;
			buildSettings = {
				CODE_SIGN_STYLE = Automatic;
				CURRENT_PROJECT_VERSION = 1;
				DEVELOPMENT_TEAM = 69YKR4K9LC;
				GENERATE_INFOPLIST_FILE = YES;
				MARKETING_VERSION = 1.0;
				PRODUCT_BUNDLE_IDENTIFIER = y4sh.journalMacUITests;
				PRODUCT_NAME = "$(TARGET_NAME)";
				SWIFT_EMIT_LOC_STRINGS = NO;
				SWIFT_VERSION = 5.0;
				TEST_TARGET_NAME = journalMac;
			};
			name = Release;
		};
/* End XCBuildConfiguration section */

/* Begin XCConfigurationList section */
		10C69BB82D15E15F0079EAE8 /* Build configuration list for PBXProject "journalMac" */ = {
			isa = XCConfigurationList;
			buildConfigurations = (
				10C69BE02D15E1610079EAE8 /* Debug */,
				10C69BE12D15E1610079EAE8 /* Release */,
			);
			defaultConfigurationIsVisible = 0;
			defaultConfigurationName = Release;
		};
		10C69BE22D15E1610079EAE8 /* Build configuration list for PBXNativeTarget "journalMac" */ = {
			isa = XCConfigurationList;
			buildConfigurations = (
				10C69BE32D15E1610079EAE8 /* Debug */,
				10C69BE42D15E1610079EAE8 /* Release */,
			);
			defaultConfigurationIsVisible = 0;
			defaultConfigurationName = Release;
		};
		10C69BE52D15E1610079EAE8 /* Build configuration list for PBXNativeTarget "journalMacTests" */ = {
			isa = XCConfigurationList;
			buildConfigurations = (
				10C69BE62D15E1610079EAE8 /* Debug */,
				10C69BE72D15E1610079EAE8 /* Release */,
			);
			defaultConfigurationIsVisible = 0;
			defaultConfigurationName = Release;
		};
		10C69BE82D15E1610079EAE8 /* Build configuration list for PBXNativeTarget "journalMacUITests" */ = {
			isa = XCConfigurationList;
			buildConfigurations = (
				10C69BE92D15E1610079EAE8 /* Debug */,
				10C69BEA2D15E1610079EAE8 /* Release */,
			);
			defaultConfigurationIsVisible = 0;
			defaultConfigurationName = Release;
		};
/* End XCConfigurationList section */
	};
	rootObject = 10C69BB52D15E15F0079EAE8 /* Project object */;
}
